
Microsoft Visual Studio Solution File, Format Version 12.00
# Visual Studio Version 16
VisualStudioVersion = 16.0.30320.27
MinimumVisualStudioVersion = 10.0.40219.1
Project("{8BC9CEB8-8B4A-11D0-8D11-00A0C91BC942}") = "AdvancedMacroLanguage", "AdvancedMacroLanguage\AdvancedMacroLanguage.vcxproj", "{479C255C-A1BA-4179-BD4A-66F2BFB137FF}"
EndProject
Global
	GlobalSection(SolutionConfigurationPlatforms) = preSolution
		Debug|x64 = Debug|x64
		Debug|x86 = Debug|x86
		Release|x64 = Release|x64
		Release|x86 = Release|x86
	EndGlobalSection
	GlobalSection(ProjectConfigurationPlatforms) = postSolution
		{479C255C-A1BA-4179-BD4A-66F2BFB137FF}.Debug|x64.ActiveCfg = Debug|x64
		{479C255C-A1BA-4179-BD4A-66F2BFB137FF}.Debug|x64.Build.0 = Debug|x64
		{479C255C-A1BA-4179-BD4A-66F2BFB137FF}.Debug|x86.ActiveCfg = Debug|Win32
		{479C255C-A1BA-4179-BD4A-66F2BFB137FF}.Debug|x86.Build.0 = Debug|Win32
		{479C255C-A1BA-4179-BD4A-66F2BFB137FF}.Release|x64.ActiveCfg = Release|x64
		{479C255C-A1BA-4179-BD4A-66F2BFB137FF}.Release|x64.Build.0 = Release|x64
		{479C255C-A1BA-4179-BD4A-66F2BFB137FF}.Release|x86.ActiveCfg = Release|Win32
		{479C255C-A1BA-4179-BD4A-66F2BFB137FF}.Release|x86.Build.0 = Release|Win32
	EndGlobalSection
	GlobalSection(SolutionProperties) = preSolution
		HideSolutionNode = FALSE
	EndGlobalSection
	GlobalSection(ExtensibilityGlobals) = postSolution
		SolutionGuid = {B6088FE3-B2E8-48BB-A851-00015E0CF53C}
	EndGlobalSection
EndGlobal
